<?xml version="1.0" encoding="utf-8"?>
<Project ToolsVersion="4.0" xmlns="http://schemas.microsoft.com/developer/msbuild/2003">
  <ItemGroup>
    <Filter Include="Source Files">
      <UniqueIdentifier>{4FC737F1-C7A5-4376-A066-2A32D752A2FF}</UniqueIdentifier>
      <Extensions>cpp;c;cc;cxx;c++;cppm;ixx;def;odl;idl;hpj;bat;asm;asmx</Extensions>
    </Filter>
    <Filter Include="Header Files">
      <UniqueIdentifier>{93995380-89BD-4b04-88EB-625FBE52EBFB}</UniqueIdentifier>
      <Extensions>h;hh;hpp;hxx;h++;hm;inl;inc;ipp;xsd</Extensions>
    </Filter>
    <Filter Include="Resource Files">
      <UniqueIdentifier>{67DA6AB6-F800-4c08-8B7A-83BB121AAD01}</UniqueIdentifier>
      <Extensions>rc;ico;cur;bmp;dlg;rc2;rct;bin;rgs;gif;jpg;jpeg;jpe;resx;tiff;tif;png;wav;mfcribbon-ms</Extensions>
    </Filter>
  </ItemGroup>
  <ItemGroup>
    <ClInclude Include="src\headers\Camera.h">
      <Filter>Header Files</Filter>
    </ClInclude>
    <ClInclude Include="src\headers\Mesh.h">
      <Filter>Header Files</Filter>
    </ClInclude>
    <ClInclude Include="src\headers\SceneManager.h">
      <Filter>Header Files</Filter>
    </ClInclude>
    <ClInclude Include="src\headers\ShaderHandler.h">
      <Filter>Header Files</Filter>
    </ClInclude>
    <ClInclude Include="src\headers\stb_image.h">
      <Filter>Header Files</Filter>
    </ClInclude>
    <ClInclude Include="src\headers\Utilities.h">
      <Filter>Header Files</Filter>
    </ClInclude>
    <ClInclude Include="src\headers\WindowManager.h">
      <Filter>Header Files</Filter>
    </ClInclude>
    <ClInclude Include="src\headers\Scenes\BlendingTestingScene\BlendingTestScene.h">
      <Filter>Header Files</Filter>
    </ClInclude>
    <ClInclude Include="src\headers\Scenes\DepthTestingScene\DepthTestingScene.h">
      <Filter>Header Files</Filter>
    </ClInclude>
    <ClInclude Include="src\headers\Scenes\GeometryShaderTestingScene\GeometryShaderTestScene.h">
      <Filter>Header Files</Filter>
    </ClInclude>
    <ClInclude Include="src\headers\Scenes\InstancingTestingScene\InstancingTestScene.h">
      <Filter>Header Files</Filter>
    </ClInclude>
    <ClInclude Include="src\headers\Scenes\LightTestingScene\LightingTestScene.h">
      <Filter>Header Files</Filter>
    </ClInclude>
    <ClInclude Include="src\headers\Scenes\SkyboxTestingScene\SkyboxTestScene.h">
      <Filter>Header Files</Filter>
    </ClInclude>
    <ClInclude Include="src\headers\Scenes\StensilTestScene\SensilTestScene.h">
      <Filter>Header Files</Filter>
    </ClInclude>
    <ClInclude Include="src\headers\Scenes\ShadowMappingTestScene\ShadowMappingTestScene.h">
      <Filter>Header Files</Filter>
    </ClInclude>
    <ClInclude Include="src\headers\Scenes\ParallaxMappingTestScene\ParallaxMappingTestScene.h">
      <Filter>Header Files</Filter>
    </ClInclude>
    <ClInclude Include="src\headers\Scenes\NormalMappingTestScene\NormalMappingTestScene.h">
      <Filter>Header Files</Filter>
    </ClInclude>
    <ClInclude Include="src\headers\Scenes\ShadowMappingMegaScene\ShadowMappingMegaScene.h">
      <Filter>Header Files</Filter>
    </ClInclude>
  </ItemGroup>
  <ItemGroup>
    <ClCompile Include="src\headers\glad.c">
      <Filter>Source Files</Filter>
    </ClCompile>
    <ClCompile Include="src\sources\Main.cpp">
      <Filter>Source Files</Filter>
    </ClCompile>
    <ClCompile Include="src\sources\Mesh.cpp">
      <Filter>Source Files</Filter>
    </ClCompile>
    <ClCompile Include="src\sources\SceneManager.cpp">
      <Filter>Source Files</Filter>
    </ClCompile>
    <ClCompile Include="src\sources\ShaderHandler.cpp">
      <Filter>Source Files</Filter>
    </ClCompile>
    <ClCompile Include="src\sources\stb_image.cpp">
      <Filter>Source Files</Filter>
    </ClCompile>
    <ClCompile Include="src\sources\Utilities.cpp">
      <Filter>Source Files</Filter>
    </ClCompile>
    <ClCompile Include="src\sources\Scenes\BlendingTestingScene\BlendingTestScene.cpp">
      <Filter>Source Files</Filter>
    </ClCompile>
    <ClCompile Include="src\sources\Scenes\DepthTestingScene\DepthTestingScene.cpp">
      <Filter>Source Files</Filter>
    </ClCompile>
    <ClCompile Include="src\sources\Scenes\GeometryShaderTestingScene\GeometryShaderTestScene.cpp">
      <Filter>Source Files</Filter>
    </ClCompile>
    <ClCompile Include="src\sources\Scenes\InstancingTestingScene\InstancingTestScene.cpp">
      <Filter>Source Files</Filter>
    </ClCompile>
    <ClCompile Include="src\sources\Scenes\LightTestingScene\LightingTestScene.cpp">
      <Filter>Source Files</Filter>
    </ClCompile>
    <ClCompile Include="src\sources\Scenes\SkyboxTestingScene\SkyboxTestScene.cpp">
      <Filter>Source Files</Filter>
    </ClCompile>
    <ClCompile Include="src\sources\Scenes\StensilTestScene\StensilTestScene.cpp">
      <Filter>Source Files</Filter>
    </ClCompile>
    <ClCompile Include="src\sources\Scenes\ShadowMappingTestScene\ShadowMappingTestScene.cpp">
      <Filter>Source Files</Filter>
    </ClCompile>
    <ClCompile Include="src\sources\Scenes\ParallaxMappingTestScene\ParallaxMappingTestScene.cpp">
      <Filter>Source Files</Filter>
    </ClCompile>
    <ClCompile Include="src\sources\Scenes\NormalMappingTestScene\NormalMappingTestScene.cpp">
      <Filter>Source Files</Filter>
    </ClCompile>
    <ClCompile Include="src\sources\Scenes\ShadowMappingMegaScene\ShadowMappingMegaScene.cpp">
      <Filter>Source Files</Filter>
    </ClCompile>
  </ItemGroup>
</Project>